
Microsoft Visual Studio Solution File, Format Version 12.00
# Visual Studio 2013
VisualStudioVersion = 12.0.40629.0
MinimumVisualStudioVersion = 10.0.40219.1
Project("{FAE04EC0-301F-11D3-BF4B-00C04F79EFBC}") = "10001st_prime", "10001st_prime\10001st_prime.csproj", "{BE62D2B3-5732-406B-A457-CB1FE963C61E}"
EndProject
Global
	GlobalSection(SolutionConfigurationPlatforms) = preSolution
		Debug|Any CPU = Debug|Any CPU
		Release|Any CPU = Release|Any CPU
	EndGlobalSection
	GlobalSection(ProjectConfigurationPlatforms) = postSolution
		{BE62D2B3-5732-406B-A457-CB1FE963C61E}.Debug|Any CPU.ActiveCfg = Debug|Any CPU
		{BE62D2B3-5732-406B-A457-CB1FE963C61E}.Debug|Any CPU.Build.0 = Debug|Any CPU
		{BE62D2B3-5732-406B-A457-CB1FE963C61E}.Release|Any CPU.ActiveCfg = Release|Any CPU
		{BE62D2B3-5732-406B-A457-CB1FE963C61E}.Release|Any CPU.Build.0 = Release|Any CPU
	EndGlobalSection
	GlobalSection(SolutionProperties) = preSolution
		HideSolutionNode = FALSE
	EndGlobalSection
EndGlobal
